
Microsoft Visual Studio Solution File, Format Version 12.00
# Visual Studio Version 17
VisualStudioVersion = 17.8.34511.84
MinimumVisualStudioVersion = 10.0.40219.1
Project("{FAE04EC0-301F-11D3-BF4B-00C04F79EFBC}") = "CafeEmployeeManager.API", "CafeEmployeeManager.API.csproj", "{EEBA6A41-1309-4914-A45A-9E90A6EFC649}"
EndProject
Global
	GlobalSection(SolutionConfigurationPlatforms) = preSolution
		Debug|Any CPU = Debug|Any CPU
		Release|Any CPU = Release|Any CPU
	EndGlobalSection
	GlobalSection(ProjectConfigurationPlatforms) = postSolution
		{EEBA6A41-1309-4914-A45A-9E90A6EFC649}.Debug|Any CPU.ActiveCfg = Debug|Any CPU
		{EEBA6A41-1309-4914-A45A-9E90A6EFC649}.Debug|Any CPU.Build.0 = Debug|Any CPU
		{EEBA6A41-1309-4914-A45A-9E90A6EFC649}.Release|Any CPU.ActiveCfg = Release|Any CPU
		{EEBA6A41-1309-4914-A45A-9E90A6EFC649}.Release|Any CPU.Build.0 = Release|Any CPU
	EndGlobalSection
	GlobalSection(SolutionProperties) = preSolution
		HideSolutionNode = FALSE
	EndGlobalSection
	GlobalSection(ExtensibilityGlobals) = postSolution
		SolutionGuid = {C45C734A-6204-45DE-98DE-73E088347335}
	EndGlobalSection
EndGlobal
